# This file is automatically @generated by Cargo.
# It is not intended for manual editing.
[[package]]
name = "aligned"
version = "0.3.4"
source = "registry+https://github.com/rust-lang/crates.io-index"
checksum = "c19796bd8d477f1a9d4ac2465b464a8b1359474f06a96bb3cda650b4fca309bf"
dependencies = [
 "as-slice",
]

[[package]]
name = "as-slice"
version = "0.1.4"
source = "registry+https://github.com/rust-lang/crates.io-index"
checksum = "bb4d1c23475b74e3672afa8c2be22040b8b7783ad9b461021144ed10a46bb0e6"
dependencies = [
 "generic-array 0.12.3",
 "generic-array 0.13.2",
 "generic-array 0.14.4",
 "stable_deref_trait",
]

[[package]]
name = "autocfg"
version = "1.0.1"
source = "registry+https://github.com/rust-lang/crates.io-index"
checksum = "cdb031dd78e28731d87d56cc8ffef4a8f36ca26c38fe2de700543e627f8a464a"

[[package]]
name = "bare-metal"
version = "0.2.5"
source = "registry+https://github.com/rust-lang/crates.io-index"
checksum = "5deb64efa5bd81e31fcd1938615a6d98c82eafcbcd787162b6f63b91d6bac5b3"
dependencies = [
 "rustc_version",
]

[[package]]
name = "bitfield"
version = "0.13.2"
source = "registry+https://github.com/rust-lang/crates.io-index"
checksum = "46afbd2983a5d5a7bd740ccb198caf5b82f45c40c09c0eed36052d91cb92e719"

[[package]]
name = "bitflags"
version = "1.2.1"
source = "registry+https://github.com/rust-lang/crates.io-index"
checksum = "cf1de2fe8c75bc145a2f577add951f8134889b4795d47466a54a5c846d691693"

[[package]]
name = "block-buffer"
version = "0.9.0"
source = "registry+https://github.com/rust-lang/crates.io-index"
checksum = "4152116fd6e9dadb291ae18fc1ec3575ed6d84c29642d97890f4b4a3417297e4"
dependencies = [
 "generic-array 0.14.4",
]

[[package]]
name = "byteorder"
version = "1.3.4"
source = "registry+https://github.com/rust-lang/crates.io-index"
checksum = "08c48aae112d48ed9f069b33538ea9e3e90aa263cfa3d1c24309612b1f7472de"

[[package]]
name = "cast"
version = "0.2.3"
source = "registry+https://github.com/rust-lang/crates.io-index"
checksum = "4b9434b9a5aa1450faa3f9cb14ea0e8c53bb5d2b3c1bfd1ab4fc03e9f33fbfb0"
dependencies = [
 "rustc_version",
]

[[package]]
name = "cfg-if"
version = "0.1.10"
source = "registry+https://github.com/rust-lang/crates.io-index"
checksum = "4785bdd1c96b2a846b2bd7cc02e86b6b3dbf14e7e53446c4f54c92a361040822"

[[package]]
name = "cortex-m"
version = "0.6.3"
source = "registry+https://github.com/rust-lang/crates.io-index"
checksum = "2be99930c99669a74d986f7fd2162085498b322e6daae8ef63a97cc9ac1dc73c"
dependencies = [
 "aligned",
 "bare-metal",
 "bitfield",
 "volatile-register",
]

[[package]]
name = "cortex-m-rt"
version = "0.6.13"
source = "registry+https://github.com/rust-lang/crates.io-index"
checksum = "980c9d0233a909f355ed297ef122f257942de5e0a2cb1c39f60684b65bcb90fb"
dependencies = [
 "cortex-m-rt-macros",
 "r0",
]

[[package]]
name = "cortex-m-rt-macros"
version = "0.1.8"
source = "registry+https://github.com/rust-lang/crates.io-index"
checksum = "4717562afbba06e760d34451919f5c3bf3ac15c7bb897e8b04862a7428378647"
dependencies = [
 "proc-macro2",
 "quote",
 "syn",
]

[[package]]
name = "cortex-m-rtic"
version = "0.5.5"
source = "registry+https://github.com/rust-lang/crates.io-index"
checksum = "b30efcb6b7920d9016182c485687f0012487032a14c415d2fce6e9862ef8260e"
dependencies = [
 "cortex-m",
 "cortex-m-rt",
 "cortex-m-rtic-macros",
 "heapless",
 "rtic-core",
 "version_check",
]

[[package]]
name = "cortex-m-rtic-macros"
version = "0.5.2"
source = "registry+https://github.com/rust-lang/crates.io-index"
checksum = "9a1a6a4c9550373038c0e21a78d44d529bd697c25bbf6b8004bddc6e63b119c7"
dependencies = [
 "proc-macro2",
 "quote",
 "rtic-syntax",
 "syn",
]

[[package]]
name = "cpuid-bool"
version = "0.1.2"
source = "registry+https://github.com/rust-lang/crates.io-index"
checksum = "8aebca1129a03dc6dc2b127edd729435bbc4a37e1d5f4d7513165089ceb02634"

[[package]]
name = "digest"
version = "0.9.0"
source = "registry+https://github.com/rust-lang/crates.io-index"
checksum = "d3dd60d1080a57a05ab032377049e0591415d2b31afd7028356dbf3cc6dcb066"
dependencies = [
 "generic-array 0.14.4",
]

[[package]]
name = "elliptic-curve"
version = "0.4.0"
source = "registry+https://github.com/rust-lang/crates.io-index"
checksum = "2298f66754d859f4c099b0e645cfd258d2dfdfd1bac9496fd514d603ff6a5c6b"
dependencies = [
 "generic-array 0.14.4",
 "subtle",
]

[[package]]
name = "embedded-hal"
version = "0.2.4"
source = "registry+https://github.com/rust-lang/crates.io-index"
checksum = "fa998ce59ec9765d15216393af37a58961ddcefb14c753b4816ba2191d865fcb"
dependencies = [
 "nb 0.1.3",
 "void",
]

[[package]]
name = "fixed"
version = "1.4.0"
source = "registry+https://github.com/rust-lang/crates.io-index"
checksum = "b7199a77adc07a67f7946fc69f1ff2f37651190949af1496506230b30e4c8784"
dependencies = [
 "typenum",
]

[[package]]
name = "generic-array"
version = "0.12.3"
source = "registry+https://github.com/rust-lang/crates.io-index"
checksum = "c68f0274ae0e023facc3c97b2e00f076be70e254bc851d972503b328db79b2ec"
dependencies = [
 "typenum",
]

[[package]]
name = "generic-array"
version = "0.13.2"
source = "registry+https://github.com/rust-lang/crates.io-index"
checksum = "0ed1e761351b56f54eb9dcd0cfaca9fd0daecf93918e1cfc01c8a3d26ee7adcd"
dependencies = [
 "typenum",
]

[[package]]
name = "generic-array"
version = "0.14.4"
source = "registry+https://github.com/rust-lang/crates.io-index"
checksum = "501466ecc8a30d1d3b7fc9229b122b2ce8ed6e9d9223f1138d4babb253e51817"
dependencies = [
 "typenum",
 "version_check",
]

[[package]]
name = "hash32"
version = "0.1.1"
source = "registry+https://github.com/rust-lang/crates.io-index"
checksum = "d4041af86e63ac4298ce40e5cca669066e75b6f1aa3390fe2561ffa5e1d9f4cc"
dependencies = [
 "byteorder",
]

[[package]]
name = "hashbrown"
version = "0.9.1"
source = "registry+https://github.com/rust-lang/crates.io-index"
checksum = "d7afe4a420e3fe79967a00898cc1f4db7c8a49a9333a29f8a4bd76a253d5cd04"

[[package]]
name = "heapless"
version = "0.5.6"
source = "registry+https://github.com/rust-lang/crates.io-index"
checksum = "74911a68a1658cfcfb61bc0ccfbd536e3b6e906f8c2f7883ee50157e3e2184f1"
dependencies = [
 "as-slice",
 "generic-array 0.13.2",
 "hash32",
 "stable_deref_trait",
]

[[package]]
name = "indexmap"
version = "1.6.0"
source = "registry+https://github.com/rust-lang/crates.io-index"
checksum = "55e2e4c765aa53a0424761bf9f41aa7a6ac1efa87238f59560640e27fca028f2"
dependencies = [
 "autocfg",
 "hashbrown",
]

[[package]]
name = "libm"
version = "0.1.4"
source = "registry+https://github.com/rust-lang/crates.io-index"
checksum = "7fc7aa29613bd6a620df431842069224d8bc9011086b1db4c0e0cd47fa03ec9a"

[[package]]
name = "nb"
version = "0.1.3"
source = "registry+https://github.com/rust-lang/crates.io-index"
checksum = "801d31da0513b6ec5214e9bf433a77966320625a37860f910be265be6e18d06f"
dependencies = [
 "nb 1.0.0",
]

[[package]]
name = "nb"
version = "1.0.0"
source = "registry+https://github.com/rust-lang/crates.io-index"
checksum = "546c37ac5d9e56f55e73b677106873d9d9f5190605e41a856503623648488cae"

[[package]]
name = "nrf-hal-common"
version = "0.11.1"
source = "registry+https://github.com/rust-lang/crates.io-index"
checksum = "299e8e5b67542ae134c93722f03f3137d349b3786a35dd2b02a87701ea779201"
dependencies = [
 "cast",
 "cfg-if",
 "cortex-m",
 "embedded-hal",
 "fixed",
 "nb 1.0.0",
 "nrf52832-pac",
 "rand_core",
 "void",
]

[[package]]
name = "nrf52832-hal"
version = "0.11.0"
source = "registry+https://github.com/rust-lang/crates.io-index"
checksum = "9fd1764acdf1f9da9803b00867586de13a2c23ab2b1231a3cf1ae4fc2cfbb403"
dependencies = [
 "embedded-hal",
 "nrf-hal-common",
 "nrf52832-pac",
]

[[package]]
name = "nrf52832-pac"
version = "0.9.0"
source = "registry+https://github.com/rust-lang/crates.io-index"
checksum = "72920484274fae0792a40345049da2723612465c7202561b6a17ad3c127259db"
dependencies = [
 "bare-metal",
 "cortex-m",
 "cortex-m-rt",
 "vcell",
]

[[package]]
name = "opaque-debug"
version = "0.3.0"
source = "registry+https://github.com/rust-lang/crates.io-index"
checksum = "624a8340c38c1b80fd549087862da4ba43e08858af025b236e509b6649fc13d5"

[[package]]
name = "p256"
version = "0.3.0"
source = "registry+https://github.com/rust-lang/crates.io-index"
checksum = "a425ecb71515663b2735fd1e65bb638fd134c5ad23857eb197c2f157784476cf"
dependencies = [
 "elliptic-curve",
 "subtle",
]

[[package]]
name = "panic-persist"
version = "0.2.1"
source = "registry+https://github.com/rust-lang/crates.io-index"
checksum = "dd2e692a5954e3eb0c16f5dbaa75c4332a78d85851521f138c04ad95d6f5ee42"
dependencies = [
 "cortex-m",
]

[[package]]
name = "proc-macro2"
version = "1.0.24"
source = "registry+https://github.com/rust-lang/crates.io-index"
checksum = "1e0704ee1a7e00d7bb417d0770ea303c1bccbabf0ef1667dae92b5967f5f8a71"
dependencies = [
 "unicode-xid",
]

[[package]]
name = "quote"
version = "1.0.7"
source = "registry+https://github.com/rust-lang/crates.io-index"
checksum = "aa563d17ecb180e500da1cfd2b028310ac758de548efdd203e18f283af693f37"
dependencies = [
 "proc-macro2",
]

[[package]]
name = "r0"
version = "0.2.2"
source = "registry+https://github.com/rust-lang/crates.io-index"
checksum = "e2a38df5b15c8d5c7e8654189744d8e396bddc18ad48041a500ce52d6948941f"

[[package]]
name = "rand_core"
version = "0.5.1"
source = "registry+https://github.com/rust-lang/crates.io-index"
checksum = "90bde5296fc891b0cef12a6d03ddccc162ce7b2aff54160af9338f8d40df6d19"

[[package]]
name = "rtic-core"
version = "0.3.0"
source = "registry+https://github.com/rust-lang/crates.io-index"
checksum = "ab51fe832317e805f869b3d859f91aadf855c2c3da51f9b84bc645c201597158"

[[package]]
name = "rtic-syntax"
version = "0.4.0"
source = "registry+https://github.com/rust-lang/crates.io-index"
checksum = "8152fcaa845720d61e6cc570548b89144c2c307f18a480bbd97e55e9f6eeff04"
dependencies = [
 "indexmap",
 "proc-macro2",
 "syn",
]

[[package]]
name = "rtt-target"
version = "0.2.2"
source = "registry+https://github.com/rust-lang/crates.io-index"
checksum = "0869b4c5b6a6d8c5583fc473f9eb3423a170f77626b8c8a7fb18eddcda5770e2"
dependencies = [
 "cortex-m",
 "ufmt-write",
]

[[package]]
name = "rubble"
version = "0.0.3"
source = "git+https://github.com/jonas-schievink/rubble#ed59fd68d318fa7a6febbcbc6425463db37c6a05"
dependencies = [
 "bitflags",
 "heapless",
 "p256",
 "rand_core",
 "sha2",
]

[[package]]
name = "rubble-nrf5x"
version = "0.0.3"
source = "git+https://github.com/jonas-schievink/rubble#ed59fd68d318fa7a6febbcbc6425463db37c6a05"
dependencies = [
 "nrf52832-hal",
 "rubble",
]

[[package]]
name = "rustc_version"
version = "0.2.3"
source = "registry+https://github.com/rust-lang/crates.io-index"
checksum = "138e3e0acb6c9fb258b19b67cb8abd63c00679d2851805ea151465464fe9030a"
dependencies = [
 "semver",
]

[[package]]
name = "semver"
version = "0.9.0"
source = "registry+https://github.com/rust-lang/crates.io-index"
checksum = "1d7eb9ef2c18661902cc47e535f9bc51b78acd254da71d375c2f6720d9a40403"
dependencies = [
 "semver-parser",
]

[[package]]
name = "semver-parser"
version = "0.7.0"
source = "registry+https://github.com/rust-lang/crates.io-index"
checksum = "388a1df253eca08550bef6c72392cfe7c30914bf41df5269b68cbd6ff8f570a3"

[[package]]
name = "sensilo"
version = "0.1.0"
dependencies = [
 "cortex-m",
 "cortex-m-rt",
 "cortex-m-rtic",
 "embedded-hal",
 "nrf52832-hal",
 "panic-persist",
 "rtt-target",
 "rubble",
 "rubble-nrf5x",
 "shared-bus-rtic",
 "shtcx",
 "veml6030",
]

[[package]]
name = "sha2"
version = "0.9.1"
source = "registry+https://github.com/rust-lang/crates.io-index"
checksum = "2933378ddfeda7ea26f48c555bdad8bb446bf8a3d17832dc83e380d444cfb8c1"
dependencies = [
 "block-buffer",
 "cfg-if",
 "cpuid-bool",
 "digest",
 "opaque-debug",
]

[[package]]
name = "shared-bus-rtic"
version = "0.2.2"
source = "registry+https://github.com/rust-lang/crates.io-index"
checksum = "cb1899470d03c5728db375f63be8f2bbfb93d8c35ec932061f3b593434c2273b"
dependencies = [
 "embedded-hal",
 "nb 1.0.0",
]

[[package]]
name = "shtcx"
version = "0.10.0"
source = "registry+https://github.com/rust-lang/crates.io-index"
checksum = "9e4133ff7bf05e51a05ac2032d1c906737b5106479487ab50938fde15640fdc6"
dependencies = [
 "embedded-hal",
]

[[package]]
name = "stable_deref_trait"
version = "1.2.0"
source = "registry+https://github.com/rust-lang/crates.io-index"
checksum = "a8f112729512f8e442d81f95a8a7ddf2b7c6b8a1a6f509a95864142b30cab2d3"

[[package]]
name = "subtle"
version = "2.3.0"
source = "registry+https://github.com/rust-lang/crates.io-index"
checksum = "343f3f510c2915908f155e94f17220b19ccfacf2a64a2a5d8004f2c3e311e7fd"

[[package]]
name = "syn"
version = "1.0.46"
source = "registry+https://github.com/rust-lang/crates.io-index"
checksum = "5ad5de3220ea04da322618ded2c42233d02baca219d6f160a3e9c87cda16c942"
dependencies = [
 "proc-macro2",
 "quote",
 "unicode-xid",
]

[[package]]
name = "typenum"
version = "1.12.0"
source = "registry+https://github.com/rust-lang/crates.io-index"
checksum = "373c8a200f9e67a0c95e62a4f52fbf80c23b4381c05a17845531982fa99e6b33"

[[package]]
name = "ufmt-write"
version = "0.1.0"
source = "registry+https://github.com/rust-lang/crates.io-index"
checksum = "e87a2ed6b42ec5e28cc3b94c09982969e9227600b2e3dcbc1db927a84c06bd69"

[[package]]
name = "unicode-xid"
version = "0.2.1"
source = "registry+https://github.com/rust-lang/crates.io-index"
checksum = "f7fe0bb3479651439c9112f72b6c505038574c9fbb575ed1bf3b797fa39dd564"

[[package]]
name = "vcell"
version = "0.1.2"
source = "registry+https://github.com/rust-lang/crates.io-index"
checksum = "876e32dcadfe563a4289e994f7cb391197f362b6315dc45e8ba4aa6f564a4b3c"

[[package]]
name = "veml6030"
version = "0.1.1"
source = "git+https://github.com/eldruin/veml6030-rs/#b9754eb5669295d8604d827f10500ebb59f4e771"
dependencies = [
 "embedded-hal",
 "libm",
]

[[package]]
name = "version_check"
version = "0.9.2"
source = "registry+https://github.com/rust-lang/crates.io-index"
checksum = "b5a972e5669d67ba988ce3dc826706fb0a8b01471c088cb0b6110b805cc36aed"

[[package]]
name = "void"
version = "1.0.2"
source = "registry+https://github.com/rust-lang/crates.io-index"
checksum = "6a02e4885ed3bc0f2de90ea6dd45ebcbb66dacffe03547fadbb0eeae2770887d"

[[package]]
name = "volatile-register"
version = "0.2.0"
source = "registry+https://github.com/rust-lang/crates.io-index"
checksum = "0d67cb4616d99b940db1d6bd28844ff97108b498a6ca850e5b6191a532063286"
dependencies = [
 "vcell",
]
